
Microsoft Visual Studio Solution File, Format Version 12.00
# Visual Studio Version 17
VisualStudioVersion = 17.6.33829.357
MinimumVisualStudioVersion = 10.0.40219.1
Project("{FAE04EC0-301F-11D3-BF4B-00C04F79EFBC}") = "ChainOfResponsibilityLearning", "ChainOfResponsibilityLearning\ChainOfResponsibilityLearning.csproj", "{AA03A08F-ECAC-438A-90C9-CAF5720ADB05}"
EndProject
Global
	GlobalSection(SolutionConfigurationPlatforms) = preSolution
		Debug|Any CPU = Debug|Any CPU
		Release|Any CPU = Release|Any CPU
	EndGlobalSection
	GlobalSection(ProjectConfigurationPlatforms) = postSolution
		{AA03A08F-ECAC-438A-90C9-CAF5720ADB05}.Debug|Any CPU.ActiveCfg = Debug|Any CPU
		{AA03A08F-ECAC-438A-90C9-CAF5720ADB05}.Debug|Any CPU.Build.0 = Debug|Any CPU
		{AA03A08F-ECAC-438A-90C9-CAF5720ADB05}.Release|Any CPU.ActiveCfg = Release|Any CPU
		{AA03A08F-ECAC-438A-90C9-CAF5720ADB05}.Release|Any CPU.Build.0 = Release|Any CPU
	EndGlobalSection
	GlobalSection(SolutionProperties) = preSolution
		HideSolutionNode = FALSE
	EndGlobalSection
	GlobalSection(ExtensibilityGlobals) = postSolution
		SolutionGuid = {7E2F8692-7204-406A-B696-2FD4278A8F0B}
	EndGlobalSection
EndGlobal
